
Microsoft Visual Studio Solution File, Format Version 12.00
# Visual Studio 15
VisualStudioVersion = 15.0.26730.16
MinimumVisualStudioVersion = 10.0.40219.1
Project("{2150E333-8FDC-42A3-9474-1A3956D46DE8}") = ".NET_4.5", ".NET_4.5", "{EBF25F6A-7EF5-4899-95DF-D91749EEEE90}"
EndProject
Project("{2150E333-8FDC-42A3-9474-1A3956D46DE8}") = ".NET_4.5.1", ".NET_4.5.1", "{4065479B-F1FB-41CC-A2BA-B09554B57702}"
EndProject
Project("{2150E333-8FDC-42A3-9474-1A3956D46DE8}") = ".NET_4.5.2", ".NET_4.5.2", "{2E00D8FA-AD23-4CED-AD03-27C40E96616B}"
EndProject
Project("{2150E333-8FDC-42A3-9474-1A3956D46DE8}") = ".NET_4.6", ".NET_4.6", "{59B1AFA8-5C3D-42B8-A80D-4992138A4E32}"
EndProject
Project("{2150E333-8FDC-42A3-9474-1A3956D46DE8}") = ".NET_4.6.1", ".NET_4.6.1", "{3386DC96-AA8E-4AC3-8DB6-872639FAE19F}"
EndProject
Project("{2150E333-8FDC-42A3-9474-1A3956D46DE8}") = ".NET_4.6.2", ".NET_4.6.2", "{134B1306-E8A9-478D-8666-AB686BC77A57}"
EndProject
Project("{FAE04EC0-301F-11D3-BF4B-00C04F79EFBC}") = "Fuuko", "NET_4.5\Fuuko\Fuuko.csproj", "{91B6F80C-F6F7-4F2B-991C-C794C09437A0}"
EndProject
Project("{FAE04EC0-301F-11D3-BF4B-00C04F79EFBC}") = "Fuuko.Extensions", "NET_4.5\Extensions\Fuuko.Extensions.csproj", "{1C599F8F-0F09-419A-AD04-1EC4AD10FFB8}"
EndProject
Project("{FAE04EC0-301F-11D3-BF4B-00C04F79EFBC}") = "Fuuko.Readers", "NET_4.5\Readers\Fuuko.Readers.csproj", "{A44F51E1-4E86-4403-A92C-E76D4AAA20F9}"
EndProject
Project("{FAE04EC0-301F-11D3-BF4B-00C04F79EFBC}") = "Fuuko", "NET_4.5.1\Fuuko\Fuuko.csproj", "{41AE78B6-6CC8-4045-8B81-0525542C4454}"
EndProject
Project("{FAE04EC0-301F-11D3-BF4B-00C04F79EFBC}") = "Fuuko.Readers", "NET_4.5.1\Readers\Fuuko.Readers.csproj", "{91131C09-D550-4C20-9280-D916DFC21711}"
EndProject
Project("{FAE04EC0-301F-11D3-BF4B-00C04F79EFBC}") = "Fuuko.Extensions", "NET_4.5.1\Extensions\Fuuko.Extensions.csproj", "{6FA57968-5C2A-42BD-8CC3-D70AA2577D2A}"
EndProject
Project("{FAE04EC0-301F-11D3-BF4B-00C04F79EFBC}") = "Fuuko", "NET_4.5.2\Fuuko\Fuuko.csproj", "{BE2FD971-73D4-4B5B-B928-57B33D3779E0}"
EndProject
Project("{FAE04EC0-301F-11D3-BF4B-00C04F79EFBC}") = "Fuuko.Readers", "NET_4.5.2\Readers\Fuuko.Readers.csproj", "{A6047E57-1199-46E0-BD00-B406CB400FF1}"
EndProject
Project("{FAE04EC0-301F-11D3-BF4B-00C04F79EFBC}") = "Fuuko.Extensions", "NET_4.5.2\Extensions\Fuuko.Extensions.csproj", "{1412DBBB-8C5C-4E7E-8509-5A51AE96302A}"
EndProject
Project("{FAE04EC0-301F-11D3-BF4B-00C04F79EFBC}") = "Fuuko", "NET_4.6\Fuuko\Fuuko.csproj", "{9887837B-8909-4CBC-B139-E290715793A7}"
EndProject
Project("{FAE04EC0-301F-11D3-BF4B-00C04F79EFBC}") = "Fuuko.Readers", "NET_4.6\Readers\Fuuko.Readers.csproj", "{04926ABB-37A0-4D07-9663-47E7CB2D2326}"
EndProject
Project("{FAE04EC0-301F-11D3-BF4B-00C04F79EFBC}") = "Fuuko.Extensions", "NET_4.6\Extensions\Fuuko.Extensions.csproj", "{EE34E0DE-95F2-4901-A45B-D8B1B380F6E2}"
EndProject
Project("{FAE04EC0-301F-11D3-BF4B-00C04F79EFBC}") = "Fuuko", "NET_4.6.1\Fuuko\Fuuko.csproj", "{6579ED6B-18EC-4F13-89B8-182DBF5AB207}"
EndProject
Project("{FAE04EC0-301F-11D3-BF4B-00C04F79EFBC}") = "Fuuko.Extensions", "NET_4.6.1\Extensions\Fuuko.Extensions.csproj", "{CB26D535-F7D9-4599-A61D-98798E5C0BE2}"
EndProject
Project("{FAE04EC0-301F-11D3-BF4B-00C04F79EFBC}") = "Fuuko.Readers", "NET_4.6.1\Readers\Fuuko.Readers.csproj", "{CC36FFD3-DCA6-45CC-BB0A-0938D4CD6827}"
EndProject
Project("{FAE04EC0-301F-11D3-BF4B-00C04F79EFBC}") = "Fuuko", "NET_4.6.2\Fuuko\Fuuko.csproj", "{A9FC307B-BBCD-41F3-A9F9-C996E15714E9}"
EndProject
Project("{FAE04EC0-301F-11D3-BF4B-00C04F79EFBC}") = "Fuuko.Readers", "NET_4.6.2\Readers\Fuuko.Readers.csproj", "{C85C22B9-0AB4-48EC-93A6-250E0057B099}"
EndProject
Project("{FAE04EC0-301F-11D3-BF4B-00C04F79EFBC}") = "Fuuko.Extensions", "NET_4.6.2\Extensions\Fuuko.Extensions.csproj", "{EFF41F0F-8B19-4AA7-AF70-9DB0A8F9B893}"
EndProject
Project("{2150E333-8FDC-42A3-9474-1A3956D46DE8}") = "Examples", "Examples", "{08B2C2DA-F1D8-444C-A956-DCE9628BFA13}"
EndProject
Project("{FAE04EC0-301F-11D3-BF4B-00C04F79EFBC}") = "Fuuko.Examples", "HttFluent.Examples\Fuuko.Examples.csproj", "{356E7E49-B546-4204-8BDC-AF74A8F41CA1}"
EndProject
Project("{2150E333-8FDC-42A3-9474-1A3956D46DE8}") = "Tests", "Tests", "{9794CA52-E8D0-40F8-9BF8-6C456B841D7F}"
EndProject
Project("{FAE04EC0-301F-11D3-BF4B-00C04F79EFBC}") = "FuukoTests", "HttFluentTests\FuukoTests.csproj", "{11AB0689-2788-4E33-9117-60D09479B238}"
EndProject
Global
	GlobalSection(SolutionConfigurationPlatforms) = preSolution
		Debug|Any CPU = Debug|Any CPU
		Release|Any CPU = Release|Any CPU
	EndGlobalSection
	GlobalSection(ProjectConfigurationPlatforms) = postSolution
		{91B6F80C-F6F7-4F2B-991C-C794C09437A0}.Debug|Any CPU.ActiveCfg = Debug|Any CPU
		{91B6F80C-F6F7-4F2B-991C-C794C09437A0}.Debug|Any CPU.Build.0 = Debug|Any CPU
		{91B6F80C-F6F7-4F2B-991C-C794C09437A0}.Release|Any CPU.ActiveCfg = Release|Any CPU
		{91B6F80C-F6F7-4F2B-991C-C794C09437A0}.Release|Any CPU.Build.0 = Release|Any CPU
		{1C599F8F-0F09-419A-AD04-1EC4AD10FFB8}.Debug|Any CPU.ActiveCfg = Debug|Any CPU
		{1C599F8F-0F09-419A-AD04-1EC4AD10FFB8}.Debug|Any CPU.Build.0 = Debug|Any CPU
		{1C599F8F-0F09-419A-AD04-1EC4AD10FFB8}.Release|Any CPU.ActiveCfg = Release|Any CPU
		{1C599F8F-0F09-419A-AD04-1EC4AD10FFB8}.Release|Any CPU.Build.0 = Release|Any CPU
		{A44F51E1-4E86-4403-A92C-E76D4AAA20F9}.Debug|Any CPU.ActiveCfg = Debug|Any CPU
		{A44F51E1-4E86-4403-A92C-E76D4AAA20F9}.Debug|Any CPU.Build.0 = Debug|Any CPU
		{A44F51E1-4E86-4403-A92C-E76D4AAA20F9}.Release|Any CPU.ActiveCfg = Release|Any CPU
		{A44F51E1-4E86-4403-A92C-E76D4AAA20F9}.Release|Any CPU.Build.0 = Release|Any CPU
		{41AE78B6-6CC8-4045-8B81-0525542C4454}.Debug|Any CPU.ActiveCfg = Debug|Any CPU
		{41AE78B6-6CC8-4045-8B81-0525542C4454}.Debug|Any CPU.Build.0 = Debug|Any CPU
		{41AE78B6-6CC8-4045-8B81-0525542C4454}.Release|Any CPU.ActiveCfg = Release|Any CPU
		{41AE78B6-6CC8-4045-8B81-0525542C4454}.Release|Any CPU.Build.0 = Release|Any CPU
		{91131C09-D550-4C20-9280-D916DFC21711}.Debug|Any CPU.ActiveCfg = Debug|Any CPU
		{91131C09-D550-4C20-9280-D916DFC21711}.Debug|Any CPU.Build.0 = Debug|Any CPU
		{91131C09-D550-4C20-9280-D916DFC21711}.Release|Any CPU.ActiveCfg = Release|Any CPU
		{91131C09-D550-4C20-9280-D916DFC21711}.Release|Any CPU.Build.0 = Release|Any CPU
		{6FA57968-5C2A-42BD-8CC3-D70AA2577D2A}.Debug|Any CPU.ActiveCfg = Debug|Any CPU
		{6FA57968-5C2A-42BD-8CC3-D70AA2577D2A}.Debug|Any CPU.Build.0 = Debug|Any CPU
		{6FA57968-5C2A-42BD-8CC3-D70AA2577D2A}.Release|Any CPU.ActiveCfg = Release|Any CPU
		{6FA57968-5C2A-42BD-8CC3-D70AA2577D2A}.Release|Any CPU.Build.0 = Release|Any CPU
		{BE2FD971-73D4-4B5B-B928-57B33D3779E0}.Debug|Any CPU.ActiveCfg = Debug|Any CPU
		{BE2FD971-73D4-4B5B-B928-57B33D3779E0}.Debug|Any CPU.Build.0 = Debug|Any CPU
		{BE2FD971-73D4-4B5B-B928-57B33D3779E0}.Release|Any CPU.ActiveCfg = Release|Any CPU
		{BE2FD971-73D4-4B5B-B928-57B33D3779E0}.Release|Any CPU.Build.0 = Release|Any CPU
		{A6047E57-1199-46E0-BD00-B406CB400FF1}.Debug|Any CPU.ActiveCfg = Debug|Any CPU
		{A6047E57-1199-46E0-BD00-B406CB400FF1}.Debug|Any CPU.Build.0 = Debug|Any CPU
		{A6047E57-1199-46E0-BD00-B406CB400FF1}.Release|Any CPU.ActiveCfg = Release|Any CPU
		{A6047E57-1199-46E0-BD00-B406CB400FF1}.Release|Any CPU.Build.0 = Release|Any CPU
		{1412DBBB-8C5C-4E7E-8509-5A51AE96302A}.Debug|Any CPU.ActiveCfg = Debug|Any CPU
		{1412DBBB-8C5C-4E7E-8509-5A51AE96302A}.Debug|Any CPU.Build.0 = Debug|Any CPU
		{1412DBBB-8C5C-4E7E-8509-5A51AE96302A}.Release|Any CPU.ActiveCfg = Release|Any CPU
		{1412DBBB-8C5C-4E7E-8509-5A51AE96302A}.Release|Any CPU.Build.0 = Release|Any CPU
		{9887837B-8909-4CBC-B139-E290715793A7}.Debug|Any CPU.ActiveCfg = Debug|Any CPU
		{9887837B-8909-4CBC-B139-E290715793A7}.Debug|Any CPU.Build.0 = Debug|Any CPU
		{9887837B-8909-4CBC-B139-E290715793A7}.Release|Any CPU.ActiveCfg = Release|Any CPU
		{9887837B-8909-4CBC-B139-E290715793A7}.Release|Any CPU.Build.0 = Release|Any CPU
		{04926ABB-37A0-4D07-9663-47E7CB2D2326}.Debug|Any CPU.ActiveCfg = Debug|Any CPU
		{04926ABB-37A0-4D07-9663-47E7CB2D2326}.Debug|Any CPU.Build.0 = Debug|Any CPU
		{04926ABB-37A0-4D07-9663-47E7CB2D2326}.Release|Any CPU.ActiveCfg = Release|Any CPU
		{04926ABB-37A0-4D07-9663-47E7CB2D2326}.Release|Any CPU.Build.0 = Release|Any CPU
		{EE34E0DE-95F2-4901-A45B-D8B1B380F6E2}.Debug|Any CPU.ActiveCfg = Debug|Any CPU
		{EE34E0DE-95F2-4901-A45B-D8B1B380F6E2}.Debug|Any CPU.Build.0 = Debug|Any CPU
		{EE34E0DE-95F2-4901-A45B-D8B1B380F6E2}.Release|Any CPU.ActiveCfg = Release|Any CPU
		{EE34E0DE-95F2-4901-A45B-D8B1B380F6E2}.Release|Any CPU.Build.0 = Release|Any CPU
		{6579ED6B-18EC-4F13-89B8-182DBF5AB207}.Debug|Any CPU.ActiveCfg = Debug|Any CPU
		{6579ED6B-18EC-4F13-89B8-182DBF5AB207}.Debug|Any CPU.Build.0 = Debug|Any CPU
		{6579ED6B-18EC-4F13-89B8-182DBF5AB207}.Release|Any CPU.ActiveCfg = Release|Any CPU
		{6579ED6B-18EC-4F13-89B8-182DBF5AB207}.Release|Any CPU.Build.0 = Release|Any CPU
		{CB26D535-F7D9-4599-A61D-98798E5C0BE2}.Debug|Any CPU.ActiveCfg = Debug|Any CPU
		{CB26D535-F7D9-4599-A61D-98798E5C0BE2}.Debug|Any CPU.Build.0 = Debug|Any CPU
		{CB26D535-F7D9-4599-A61D-98798E5C0BE2}.Release|Any CPU.ActiveCfg = Release|Any CPU
		{CB26D535-F7D9-4599-A61D-98798E5C0BE2}.Release|Any CPU.Build.0 = Release|Any CPU
		{CC36FFD3-DCA6-45CC-BB0A-0938D4CD6827}.Debug|Any CPU.ActiveCfg = Debug|Any CPU
		{CC36FFD3-DCA6-45CC-BB0A-0938D4CD6827}.Debug|Any CPU.Build.0 = Debug|Any CPU
		{CC36FFD3-DCA6-45CC-BB0A-0938D4CD6827}.Release|Any CPU.ActiveCfg = Release|Any CPU
		{CC36FFD3-DCA6-45CC-BB0A-0938D4CD6827}.Release|Any CPU.Build.0 = Release|Any CPU
		{A9FC307B-BBCD-41F3-A9F9-C996E15714E9}.Debug|Any CPU.ActiveCfg = Debug|Any CPU
		{A9FC307B-BBCD-41F3-A9F9-C996E15714E9}.Debug|Any CPU.Build.0 = Debug|Any CPU
		{A9FC307B-BBCD-41F3-A9F9-C996E15714E9}.Release|Any CPU.ActiveCfg = Release|Any CPU
		{A9FC307B-BBCD-41F3-A9F9-C996E15714E9}.Release|Any CPU.Build.0 = Release|Any CPU
		{C85C22B9-0AB4-48EC-93A6-250E0057B099}.Debug|Any CPU.ActiveCfg = Debug|Any CPU
		{C85C22B9-0AB4-48EC-93A6-250E0057B099}.Debug|Any CPU.Build.0 = Debug|Any CPU
		{C85C22B9-0AB4-48EC-93A6-250E0057B099}.Release|Any CPU.ActiveCfg = Release|Any CPU
		{C85C22B9-0AB4-48EC-93A6-250E0057B099}.Release|Any CPU.Build.0 = Release|Any CPU
		{EFF41F0F-8B19-4AA7-AF70-9DB0A8F9B893}.Debug|Any CPU.ActiveCfg = Debug|Any CPU
		{EFF41F0F-8B19-4AA7-AF70-9DB0A8F9B893}.Debug|Any CPU.Build.0 = Debug|Any CPU
		{EFF41F0F-8B19-4AA7-AF70-9DB0A8F9B893}.Release|Any CPU.ActiveCfg = Release|Any CPU
		{EFF41F0F-8B19-4AA7-AF70-9DB0A8F9B893}.Release|Any CPU.Build.0 = Release|Any CPU
		{356E7E49-B546-4204-8BDC-AF74A8F41CA1}.Debug|Any CPU.ActiveCfg = Debug|Any CPU
		{356E7E49-B546-4204-8BDC-AF74A8F41CA1}.Debug|Any CPU.Build.0 = Debug|Any CPU
		{356E7E49-B546-4204-8BDC-AF74A8F41CA1}.Release|Any CPU.ActiveCfg = Release|Any CPU
		{356E7E49-B546-4204-8BDC-AF74A8F41CA1}.Release|Any CPU.Build.0 = Release|Any CPU
		{11AB0689-2788-4E33-9117-60D09479B238}.Debug|Any CPU.ActiveCfg = Debug|Any CPU
		{11AB0689-2788-4E33-9117-60D09479B238}.Debug|Any CPU.Build.0 = Debug|Any CPU
		{11AB0689-2788-4E33-9117-60D09479B238}.Release|Any CPU.ActiveCfg = Release|Any CPU
		{11AB0689-2788-4E33-9117-60D09479B238}.Release|Any CPU.Build.0 = Release|Any CPU
	EndGlobalSection
	GlobalSection(SolutionProperties) = preSolution
		HideSolutionNode = FALSE
	EndGlobalSection
	GlobalSection(NestedProjects) = preSolution
		{91B6F80C-F6F7-4F2B-991C-C794C09437A0} = {EBF25F6A-7EF5-4899-95DF-D91749EEEE90}
		{1C599F8F-0F09-419A-AD04-1EC4AD10FFB8} = {EBF25F6A-7EF5-4899-95DF-D91749EEEE90}
		{A44F51E1-4E86-4403-A92C-E76D4AAA20F9} = {EBF25F6A-7EF5-4899-95DF-D91749EEEE90}
		{41AE78B6-6CC8-4045-8B81-0525542C4454} = {4065479B-F1FB-41CC-A2BA-B09554B57702}
		{91131C09-D550-4C20-9280-D916DFC21711} = {4065479B-F1FB-41CC-A2BA-B09554B57702}
		{6FA57968-5C2A-42BD-8CC3-D70AA2577D2A} = {4065479B-F1FB-41CC-A2BA-B09554B57702}
		{BE2FD971-73D4-4B5B-B928-57B33D3779E0} = {2E00D8FA-AD23-4CED-AD03-27C40E96616B}
		{A6047E57-1199-46E0-BD00-B406CB400FF1} = {2E00D8FA-AD23-4CED-AD03-27C40E96616B}
		{1412DBBB-8C5C-4E7E-8509-5A51AE96302A} = {2E00D8FA-AD23-4CED-AD03-27C40E96616B}
		{9887837B-8909-4CBC-B139-E290715793A7} = {59B1AFA8-5C3D-42B8-A80D-4992138A4E32}
		{04926ABB-37A0-4D07-9663-47E7CB2D2326} = {59B1AFA8-5C3D-42B8-A80D-4992138A4E32}
		{EE34E0DE-95F2-4901-A45B-D8B1B380F6E2} = {59B1AFA8-5C3D-42B8-A80D-4992138A4E32}
		{6579ED6B-18EC-4F13-89B8-182DBF5AB207} = {3386DC96-AA8E-4AC3-8DB6-872639FAE19F}
		{CB26D535-F7D9-4599-A61D-98798E5C0BE2} = {3386DC96-AA8E-4AC3-8DB6-872639FAE19F}
		{CC36FFD3-DCA6-45CC-BB0A-0938D4CD6827} = {3386DC96-AA8E-4AC3-8DB6-872639FAE19F}
		{A9FC307B-BBCD-41F3-A9F9-C996E15714E9} = {134B1306-E8A9-478D-8666-AB686BC77A57}
		{C85C22B9-0AB4-48EC-93A6-250E0057B099} = {134B1306-E8A9-478D-8666-AB686BC77A57}
		{EFF41F0F-8B19-4AA7-AF70-9DB0A8F9B893} = {134B1306-E8A9-478D-8666-AB686BC77A57}
		{356E7E49-B546-4204-8BDC-AF74A8F41CA1} = {08B2C2DA-F1D8-444C-A956-DCE9628BFA13}
		{11AB0689-2788-4E33-9117-60D09479B238} = {9794CA52-E8D0-40F8-9BF8-6C456B841D7F}
	EndGlobalSection
	GlobalSection(ExtensibilityGlobals) = postSolution
		SolutionGuid = {27719F4B-2F83-42EF-AA9A-21CC1DEB1302}
	EndGlobalSection
EndGlobal
