
Microsoft Visual Studio Solution File, Format Version 12.00
# Visual Studio 14
VisualStudioVersion = 14.0.25420.1
MinimumVisualStudioVersion = 10.0.40219.1
Project("{FAE04EC0-301F-11D3-BF4B-00C04F79EFBC}") = "Fuuko", "HttFluent\Fuuko.csproj", "{91B6F80C-F6F7-4F2B-991C-C794C09437A0}"
EndProject
Project("{FAE04EC0-301F-11D3-BF4B-00C04F79EFBC}") = "FuukoTests", "HttFluentTests\FuukoTests.csproj", "{11AB0689-2788-4E33-9117-60D09479B238}"
EndProject
Project("{FAE04EC0-301F-11D3-BF4B-00C04F79EFBC}") = "Fuuko.NET451", "HttFluent.NET451\Fuuko.NET451.csproj", "{41AE78B6-6CC8-4045-8B81-0525542C4454}"
EndProject
Project("{FAE04EC0-301F-11D3-BF4B-00C04F79EFBC}") = "Fuuko.Examples", "HttFluent.Examples\Fuuko.Examples.csproj", "{356E7E49-B546-4204-8BDC-AF74A8F41CA1}"
EndProject
Project("{FAE04EC0-301F-11D3-BF4B-00C04F79EFBC}") = "Fuuko.NET452", "Fuuko.NET452\Fuuko.NET452.csproj", "{BE2FD971-73D4-4B5B-B928-57B33D3779E0}"
EndProject
Project("{FAE04EC0-301F-11D3-BF4B-00C04F79EFBC}") = "Fuuko.NET46", "Fuuko.NET46\Fuuko.NET46.csproj", "{9887837B-8909-4CBC-B139-E290715793A7}"
EndProject
Project("{FAE04EC0-301F-11D3-BF4B-00C04F79EFBC}") = "Fuuko.NET461", "Fuuko.NET461\Fuuko.NET461.csproj", "{6579ED6B-18EC-4F13-89B8-182DBF5AB207}"
EndProject
Project("{FAE04EC0-301F-11D3-BF4B-00C04F79EFBC}") = "Fuuko.NET462", "Fuuko.NET462\Fuuko.NET462.csproj", "{A9FC307B-BBCD-41F3-A9F9-C996E15714E9}"
EndProject
Project("{FAE04EC0-301F-11D3-BF4B-00C04F79EFBC}") = "Fuuko.Readers", "Fuuko.Readers\Fuuko.Readers.csproj", "{A44F51E1-4E86-4403-A92C-E76D4AAA20F9}"
EndProject
Project("{FAE04EC0-301F-11D3-BF4B-00C04F79EFBC}") = "Fuuko.Extensions", "Extensions\Fuuko.Extensions\Fuuko.Extensions.csproj", "{1C599F8F-0F09-419A-AD04-1EC4AD10FFB8}"
EndProject
Project("{2150E333-8FDC-42A3-9474-1A3956D46DE8}") = "Extensions", "Extensions", "{E2B70B7A-3E40-4221-89D9-FA2D2C1E3185}"
EndProject
Project("{FAE04EC0-301F-11D3-BF4B-00C04F79EFBC}") = "Fuuko.Extensions.NET451", "Extensions\Fuuko.Extensions.NET451\Fuuko.Extensions.NET451.csproj", "{6FA57968-5C2A-42BD-8CC3-D70AA2577D2A}"
EndProject
Global
	GlobalSection(SolutionConfigurationPlatforms) = preSolution
		Debug|Any CPU = Debug|Any CPU
		Release|Any CPU = Release|Any CPU
	EndGlobalSection
	GlobalSection(ProjectConfigurationPlatforms) = postSolution
		{91B6F80C-F6F7-4F2B-991C-C794C09437A0}.Debug|Any CPU.ActiveCfg = Debug|Any CPU
		{91B6F80C-F6F7-4F2B-991C-C794C09437A0}.Debug|Any CPU.Build.0 = Debug|Any CPU
		{91B6F80C-F6F7-4F2B-991C-C794C09437A0}.Release|Any CPU.ActiveCfg = Release|Any CPU
		{91B6F80C-F6F7-4F2B-991C-C794C09437A0}.Release|Any CPU.Build.0 = Release|Any CPU
		{11AB0689-2788-4E33-9117-60D09479B238}.Debug|Any CPU.ActiveCfg = Debug|Any CPU
		{11AB0689-2788-4E33-9117-60D09479B238}.Debug|Any CPU.Build.0 = Debug|Any CPU
		{11AB0689-2788-4E33-9117-60D09479B238}.Release|Any CPU.ActiveCfg = Release|Any CPU
		{11AB0689-2788-4E33-9117-60D09479B238}.Release|Any CPU.Build.0 = Release|Any CPU
		{41AE78B6-6CC8-4045-8B81-0525542C4454}.Debug|Any CPU.ActiveCfg = Debug|Any CPU
		{41AE78B6-6CC8-4045-8B81-0525542C4454}.Debug|Any CPU.Build.0 = Debug|Any CPU
		{41AE78B6-6CC8-4045-8B81-0525542C4454}.Release|Any CPU.ActiveCfg = Release|Any CPU
		{41AE78B6-6CC8-4045-8B81-0525542C4454}.Release|Any CPU.Build.0 = Release|Any CPU
		{356E7E49-B546-4204-8BDC-AF74A8F41CA1}.Debug|Any CPU.ActiveCfg = Debug|Any CPU
		{356E7E49-B546-4204-8BDC-AF74A8F41CA1}.Debug|Any CPU.Build.0 = Debug|Any CPU
		{356E7E49-B546-4204-8BDC-AF74A8F41CA1}.Release|Any CPU.ActiveCfg = Release|Any CPU
		{356E7E49-B546-4204-8BDC-AF74A8F41CA1}.Release|Any CPU.Build.0 = Release|Any CPU
		{BE2FD971-73D4-4B5B-B928-57B33D3779E0}.Debug|Any CPU.ActiveCfg = Debug|Any CPU
		{BE2FD971-73D4-4B5B-B928-57B33D3779E0}.Debug|Any CPU.Build.0 = Debug|Any CPU
		{BE2FD971-73D4-4B5B-B928-57B33D3779E0}.Release|Any CPU.ActiveCfg = Release|Any CPU
		{BE2FD971-73D4-4B5B-B928-57B33D3779E0}.Release|Any CPU.Build.0 = Release|Any CPU
		{9887837B-8909-4CBC-B139-E290715793A7}.Debug|Any CPU.ActiveCfg = Debug|Any CPU
		{9887837B-8909-4CBC-B139-E290715793A7}.Debug|Any CPU.Build.0 = Debug|Any CPU
		{9887837B-8909-4CBC-B139-E290715793A7}.Release|Any CPU.ActiveCfg = Release|Any CPU
		{9887837B-8909-4CBC-B139-E290715793A7}.Release|Any CPU.Build.0 = Release|Any CPU
		{6579ED6B-18EC-4F13-89B8-182DBF5AB207}.Debug|Any CPU.ActiveCfg = Debug|Any CPU
		{6579ED6B-18EC-4F13-89B8-182DBF5AB207}.Debug|Any CPU.Build.0 = Debug|Any CPU
		{6579ED6B-18EC-4F13-89B8-182DBF5AB207}.Release|Any CPU.ActiveCfg = Release|Any CPU
		{6579ED6B-18EC-4F13-89B8-182DBF5AB207}.Release|Any CPU.Build.0 = Release|Any CPU
		{A9FC307B-BBCD-41F3-A9F9-C996E15714E9}.Debug|Any CPU.ActiveCfg = Debug|Any CPU
		{A9FC307B-BBCD-41F3-A9F9-C996E15714E9}.Debug|Any CPU.Build.0 = Debug|Any CPU
		{A9FC307B-BBCD-41F3-A9F9-C996E15714E9}.Release|Any CPU.ActiveCfg = Release|Any CPU
		{A9FC307B-BBCD-41F3-A9F9-C996E15714E9}.Release|Any CPU.Build.0 = Release|Any CPU
		{A44F51E1-4E86-4403-A92C-E76D4AAA20F9}.Debug|Any CPU.ActiveCfg = Debug|Any CPU
		{A44F51E1-4E86-4403-A92C-E76D4AAA20F9}.Debug|Any CPU.Build.0 = Debug|Any CPU
		{A44F51E1-4E86-4403-A92C-E76D4AAA20F9}.Release|Any CPU.ActiveCfg = Release|Any CPU
		{A44F51E1-4E86-4403-A92C-E76D4AAA20F9}.Release|Any CPU.Build.0 = Release|Any CPU
		{1C599F8F-0F09-419A-AD04-1EC4AD10FFB8}.Debug|Any CPU.ActiveCfg = Debug|Any CPU
		{1C599F8F-0F09-419A-AD04-1EC4AD10FFB8}.Debug|Any CPU.Build.0 = Debug|Any CPU
		{1C599F8F-0F09-419A-AD04-1EC4AD10FFB8}.Release|Any CPU.ActiveCfg = Release|Any CPU
		{1C599F8F-0F09-419A-AD04-1EC4AD10FFB8}.Release|Any CPU.Build.0 = Release|Any CPU
		{6FA57968-5C2A-42BD-8CC3-D70AA2577D2A}.Debug|Any CPU.ActiveCfg = Debug|Any CPU
		{6FA57968-5C2A-42BD-8CC3-D70AA2577D2A}.Debug|Any CPU.Build.0 = Debug|Any CPU
		{6FA57968-5C2A-42BD-8CC3-D70AA2577D2A}.Release|Any CPU.ActiveCfg = Release|Any CPU
		{6FA57968-5C2A-42BD-8CC3-D70AA2577D2A}.Release|Any CPU.Build.0 = Release|Any CPU
	EndGlobalSection
	GlobalSection(SolutionProperties) = preSolution
		HideSolutionNode = FALSE
	EndGlobalSection
	GlobalSection(NestedProjects) = preSolution
		{1C599F8F-0F09-419A-AD04-1EC4AD10FFB8} = {E2B70B7A-3E40-4221-89D9-FA2D2C1E3185}
		{6FA57968-5C2A-42BD-8CC3-D70AA2577D2A} = {E2B70B7A-3E40-4221-89D9-FA2D2C1E3185}
	EndGlobalSection
EndGlobal
