
Microsoft Visual Studio Solution File, Format Version 12.00
# Visual Studio 15
VisualStudioVersion = 15.0.26730.16
MinimumVisualStudioVersion = 10.0.40219.1
Project("{2150E333-8FDC-42A3-9474-1A3956D46DE8}") = ".NET_4.5", ".NET_4.5", "{EBF25F6A-7EF5-4899-95DF-D91749EEEE90}"
EndProject
Project("{2150E333-8FDC-42A3-9474-1A3956D46DE8}") = ".NET_4.5.1", ".NET_4.5.1", "{4065479B-F1FB-41CC-A2BA-B09554B57702}"
EndProject
Project("{2150E333-8FDC-42A3-9474-1A3956D46DE8}") = ".NET_4.5.2", ".NET_4.5.2", "{2E00D8FA-AD23-4CED-AD03-27C40E96616B}"
EndProject
Project("{2150E333-8FDC-42A3-9474-1A3956D46DE8}") = ".NET_4.6", ".NET_4.6", "{59B1AFA8-5C3D-42B8-A80D-4992138A4E32}"
EndProject
Project("{2150E333-8FDC-42A3-9474-1A3956D46DE8}") = ".NET_4.6.1", ".NET_4.6.1", "{3386DC96-AA8E-4AC3-8DB6-872639FAE19F}"
EndProject
Project("{2150E333-8FDC-42A3-9474-1A3956D46DE8}") = ".NET_4.6.2", ".NET_4.6.2", "{134B1306-E8A9-478D-8666-AB686BC77A57}"
EndProject
Project("{FAE04EC0-301F-11D3-BF4B-00C04F79EFBC}") = "Fuuko", "NET_4.5\Fuuko\Fuuko.csproj", "{91B6F80C-F6F7-4F2B-991C-C794C09437A0}"
EndProject
Project("{FAE04EC0-301F-11D3-BF4B-00C04F79EFBC}") = "Fuuko.Extensions", "NET_4.5\Extensions\Fuuko.Extensions.csproj", "{1C599F8F-0F09-419A-AD04-1EC4AD10FFB8}"
EndProject
Project("{FAE04EC0-301F-11D3-BF4B-00C04F79EFBC}") = "Fuuko.Readers", "NET_4.5\Readers\Fuuko.Readers.csproj", "{A44F51E1-4E86-4403-A92C-E76D4AAA20F9}"
EndProject
Project("{2150E333-8FDC-42A3-9474-1A3956D46DE8}") = "Examples", "Examples", "{08B2C2DA-F1D8-444C-A956-DCE9628BFA13}"
EndProject
Project("{FAE04EC0-301F-11D3-BF4B-00C04F79EFBC}") = "Fuuko.Examples", "HttFluent.Examples\Fuuko.Examples.csproj", "{356E7E49-B546-4204-8BDC-AF74A8F41CA1}"
EndProject
Project("{2150E333-8FDC-42A3-9474-1A3956D46DE8}") = "Tests", "Tests", "{9794CA52-E8D0-40F8-9BF8-6C456B841D7F}"
EndProject
Project("{FAE04EC0-301F-11D3-BF4B-00C04F79EFBC}") = "FuukoTests", "HttFluentTests\FuukoTests.csproj", "{11AB0689-2788-4E33-9117-60D09479B238}"
EndProject
Global
	GlobalSection(SolutionConfigurationPlatforms) = preSolution
		Debug|Any CPU = Debug|Any CPU
		Release|Any CPU = Release|Any CPU
	EndGlobalSection
	GlobalSection(ProjectConfigurationPlatforms) = postSolution
		{91B6F80C-F6F7-4F2B-991C-C794C09437A0}.Debug|Any CPU.ActiveCfg = Debug|Any CPU
		{91B6F80C-F6F7-4F2B-991C-C794C09437A0}.Debug|Any CPU.Build.0 = Debug|Any CPU
		{91B6F80C-F6F7-4F2B-991C-C794C09437A0}.Release|Any CPU.ActiveCfg = Release|Any CPU
		{91B6F80C-F6F7-4F2B-991C-C794C09437A0}.Release|Any CPU.Build.0 = Release|Any CPU
		{1C599F8F-0F09-419A-AD04-1EC4AD10FFB8}.Debug|Any CPU.ActiveCfg = Debug|Any CPU
		{1C599F8F-0F09-419A-AD04-1EC4AD10FFB8}.Debug|Any CPU.Build.0 = Debug|Any CPU
		{1C599F8F-0F09-419A-AD04-1EC4AD10FFB8}.Release|Any CPU.ActiveCfg = Release|Any CPU
		{1C599F8F-0F09-419A-AD04-1EC4AD10FFB8}.Release|Any CPU.Build.0 = Release|Any CPU
		{A44F51E1-4E86-4403-A92C-E76D4AAA20F9}.Debug|Any CPU.ActiveCfg = Debug|Any CPU
		{A44F51E1-4E86-4403-A92C-E76D4AAA20F9}.Debug|Any CPU.Build.0 = Debug|Any CPU
		{A44F51E1-4E86-4403-A92C-E76D4AAA20F9}.Release|Any CPU.ActiveCfg = Release|Any CPU
		{A44F51E1-4E86-4403-A92C-E76D4AAA20F9}.Release|Any CPU.Build.0 = Release|Any CPU
		{356E7E49-B546-4204-8BDC-AF74A8F41CA1}.Debug|Any CPU.ActiveCfg = Debug|Any CPU
		{356E7E49-B546-4204-8BDC-AF74A8F41CA1}.Debug|Any CPU.Build.0 = Debug|Any CPU
		{356E7E49-B546-4204-8BDC-AF74A8F41CA1}.Release|Any CPU.ActiveCfg = Release|Any CPU
		{356E7E49-B546-4204-8BDC-AF74A8F41CA1}.Release|Any CPU.Build.0 = Release|Any CPU
		{11AB0689-2788-4E33-9117-60D09479B238}.Debug|Any CPU.ActiveCfg = Debug|Any CPU
		{11AB0689-2788-4E33-9117-60D09479B238}.Debug|Any CPU.Build.0 = Debug|Any CPU
		{11AB0689-2788-4E33-9117-60D09479B238}.Release|Any CPU.ActiveCfg = Release|Any CPU
		{11AB0689-2788-4E33-9117-60D09479B238}.Release|Any CPU.Build.0 = Release|Any CPU
	EndGlobalSection
	GlobalSection(SolutionProperties) = preSolution
		HideSolutionNode = FALSE
	EndGlobalSection
	GlobalSection(NestedProjects) = preSolution
		{91B6F80C-F6F7-4F2B-991C-C794C09437A0} = {EBF25F6A-7EF5-4899-95DF-D91749EEEE90}
		{1C599F8F-0F09-419A-AD04-1EC4AD10FFB8} = {EBF25F6A-7EF5-4899-95DF-D91749EEEE90}
		{A44F51E1-4E86-4403-A92C-E76D4AAA20F9} = {EBF25F6A-7EF5-4899-95DF-D91749EEEE90}
		{356E7E49-B546-4204-8BDC-AF74A8F41CA1} = {08B2C2DA-F1D8-444C-A956-DCE9628BFA13}
		{11AB0689-2788-4E33-9117-60D09479B238} = {9794CA52-E8D0-40F8-9BF8-6C456B841D7F}
	EndGlobalSection
	GlobalSection(ExtensibilityGlobals) = postSolution
		SolutionGuid = {27719F4B-2F83-42EF-AA9A-21CC1DEB1302}
	EndGlobalSection
EndGlobal
